
Microsoft Visual Studio Solution File, Format Version 12.00
# Visual Studio Version 16
VisualStudioVersion = 16.0.30204.135
MinimumVisualStudioVersion = 10.0.40219.1
Project("{FAE04EC0-301F-11D3-BF4B-00C04F79EFBC}") = "LlamaCorp.ImageProcessing", "LlamaCorp.ImageProcessing.csproj", "{3746B040-448A-46B7-A5E4-B85D72D3517C}"
EndProject
Global
	GlobalSection(SolutionConfigurationPlatforms) = preSolution
		Debug|Any CPU = Debug|Any CPU
		Release|Any CPU = Release|Any CPU
	EndGlobalSection
	GlobalSection(ProjectConfigurationPlatforms) = postSolution
		{3746B040-448A-46B7-A5E4-B85D72D3517C}.Debug|Any CPU.ActiveCfg = Debug|Any CPU
		{3746B040-448A-46B7-A5E4-B85D72D3517C}.Debug|Any CPU.Build.0 = Debug|Any CPU
		{3746B040-448A-46B7-A5E4-B85D72D3517C}.Release|Any CPU.ActiveCfg = Release|Any CPU
		{3746B040-448A-46B7-A5E4-B85D72D3517C}.Release|Any CPU.Build.0 = Release|Any CPU
	EndGlobalSection
	GlobalSection(SolutionProperties) = preSolution
		HideSolutionNode = FALSE
	EndGlobalSection
	GlobalSection(ExtensibilityGlobals) = postSolution
		SolutionGuid = {A2FCCC24-04B6-4940-BFFD-60DFEBD5B7BB}
	EndGlobalSection
EndGlobal
